// !$*UTF8*$!
{
	archiveVersion = 1;
	classes = {
	};
	objectVersion = 46;
	objects = {

/* Begin PBXBuildFile section */
		52C15761196E77EE004A4B4F /* Foundation.framework in Frameworks */ = {isa = PBXBuildFile; fileRef = 52C15760196E77EE004A4B4F /* Foundation.framework */; };
		52C15763196E77EE004A4B4F /* CoreGraphics.framework in Frameworks */ = {isa = PBXBuildFile; fileRef = 52C15762196E77EE004A4B4F /* CoreGraphics.framework */; };
		52C15765196E77EE004A4B4F /* UIKit.framework in Frameworks */ = {isa = PBXBuildFile; fileRef = 52C15764196E77EE004A4B4F /* UIKit.framework */; };
		52C1576B196E77EE004A4B4F /* InfoPlist.strings in Resources */ = {isa = PBXBuildFile; fileRef = 52C15769196E77EE004A4B4F /* InfoPlist.strings */; };
		52C1576D196E77EE004A4B4F /* main.m in Sources */ = {isa = PBXBuildFile; fileRef = 52C1576C196E77EE004A4B4F /* main.m */; };
		52C15771196E77EE004A4B4F /* CCAppDelegate.m in Sources */ = {isa = PBXBuildFile; fileRef = 52C15770196E77EE004A4B4F /* CCAppDelegate.m */; };
		52C15774196E77EE004A4B4F /* Main.storyboard in Resources */ = {isa = PBXBuildFile; fileRef = 52C15772196E77EE004A4B4F /* Main.storyboard */; };
		52C15777196E77EE004A4B4F /* CCViewController.m in Sources */ = {isa = PBXBuildFile; fileRef = 52C15776196E77EE004A4B4F /* CCViewController.m */; };
		52C15779196E77EE004A4B4F /* Images.xcassets in Resources */ = {isa = PBXBuildFile; fileRef = 52C15778196E77EE004A4B4F /* Images.xcassets */; };
		52C15780196E77EE004A4B4F /* XCTest.framework in Frameworks */ = {isa = PBXBuildFile; fileRef = 52C1577F196E77EE004A4B4F /* XCTest.framework */; };
		52C15781196E77EE004A4B4F /* Foundation.framework in Frameworks */ = {isa = PBXBuildFile; fileRef = 52C15760196E77EE004A4B4F /* Foundation.framework */; };
		52C15782196E77EE004A4B4F /* UIKit.framework in Frameworks */ = {isa = PBXBuildFile; fileRef = 52C15764196E77EE004A4B4F /* UIKit.framework */; };
		52C1578A196E77EE004A4B4F /* InfoPlist.strings in Resources */ = {isa = PBXBuildFile; fileRef = 52C15788196E77EE004A4B4F /* InfoPlist.strings */; };
		52C1578C196E77EE004A4B4F /* Github_testTests.m in Sources */ = {isa = PBXBuildFile; fileRef = 52C1578B196E77EE004A4B4F /* Github_testTests.m */; };
		52C15797196E7EB2004A4B4F /* CCTest.m in Sources */ = {isa = PBXBuildFile; fileRef = 52C15796196E7EB2004A4B4F /* CCTest.m */; };
/* End PBXBuildFile section */

/* Begin PBXContainerItemProxy section */
		52C15783196E77EE004A4B4F /* PBXContainerItemProxy */ = {
			isa = PBXContainerItemProxy;
			containerPortal = 52C15755196E77EE004A4B4F /* Project object */;
			proxyType = 1;
			remoteGlobalIDString = 52C1575C196E77EE004A4B4F;
			remoteInfo = "Github test";
		};
/* End PBXContainerItemProxy section */

/* Begin PBXFileReference section */
		52C1575D196E77EE004A4B4F /* Github test.app */ = {isa = PBXFileReference; explicitFileType = wrapper.application; includeInIndex = 0; path = "Github test.app"; sourceTree = BUILT_PRODUCTS_DIR; };
		52C15760196E77EE004A4B4F /* Foundation.framework */ = {isa = PBXFileReference; lastKnownFileType = wrapper.framework; name = Foundation.framework; path = System/Library/Frameworks/Foundation.framework; sourceTree = SDKROOT; };
		52C15762196E77EE004A4B4F /* CoreGraphics.framework */ = {isa = PBXFileReference; lastKnownFileType = wrapper.framework; name = CoreGraphics.framework; path = System/Library/Frameworks/CoreGraphics.framework; sourceTree = SDKROOT; };
		52C15764196E77EE004A4B4F /* UIKit.framework */ = {isa = PBXFileReference; lastKnownFileType = wrapper.framework; name = UIKit.framework; path = System/Library/Frameworks/UIKit.framework; sourceTree = SDKROOT; };
		52C15768196E77EE004A4B4F /* Github test-Info.plist */ = {isa = PBXFileReference; lastKnownFileType = text.plist.xml; path = "Github test-Info.plist"; sourceTree = "<group>"; };
		52C1576A196E77EE004A4B4F /* en */ = {isa = PBXFileReference; lastKnownFileType = text.plist.strings; name = en; path = en.lproj/InfoPlist.strings; sourceTree = "<group>"; };
		52C1576C196E77EE004A4B4F /* main.m */ = {isa = PBXFileReference; lastKnownFileType = sourcecode.c.objc; path = main.m; sourceTree = "<group>"; };
		52C1576E196E77EE004A4B4F /* Github test-Prefix.pch */ = {isa = PBXFileReference; lastKnownFileType = sourcecode.c.h; path = "Github test-Prefix.pch"; sourceTree = "<group>"; };
		52C1576F196E77EE004A4B4F /* CCAppDelegate.h */ = {isa = PBXFileReference; lastKnownFileType = sourcecode.c.h; path = CCAppDelegate.h; sourceTree = "<group>"; };
		52C15770196E77EE004A4B4F /* CCAppDelegate.m */ = {isa = PBXFileReference; lastKnownFileType = sourcecode.c.objc; path = CCAppDelegate.m; sourceTree = "<group>"; };
		52C15773196E77EE004A4B4F /* Base */ = {isa = PBXFileReference; lastKnownFileType = file.storyboard; name = Base; path = Base.lproj/Main.storyboard; sourceTree = "<group>"; };
		52C15775196E77EE004A4B4F /* CCViewController.h */ = {isa = PBXFileReference; lastKnownFileType = sourcecode.c.h; path = CCViewController.h; sourceTree = "<group>"; };
		52C15776196E77EE004A4B4F /* CCViewController.m */ = {isa = PBXFileReference; lastKnownFileType = sourcecode.c.objc; path = CCViewController.m; sourceTree = "<group>"; };
		52C15778196E77EE004A4B4F /* Images.xcassets */ = {isa = PBXFileReference; lastKnownFileType = folder.assetcatalog; path = Images.xcassets; sourceTree = "<group>"; };
		52C1577E196E77EE004A4B4F /* Github testTests.xctest */ = {isa = PBXFileReference; explicitFileType = wrapper.cfbundle; includeInIndex = 0; path = "Github testTests.xctest"; sourceTree = BUILT_PRODUCTS_DIR; };
		52C1577F196E77EE004A4B4F /* XCTest.framework */ = {isa = PBXFileReference; lastKnownFileType = wrapper.framework; name = XCTest.framework; path = Library/Frameworks/XCTest.framework; sourceTree = DEVELOPER_DIR; };
		52C15787196E77EE004A4B4F /* Github testTests-Info.plist */ = {isa = PBXFileReference; lastKnownFileType = text.plist.xml; path = "Github testTests-Info.plist"; sourceTree = "<group>"; };
		52C15789196E77EE004A4B4F /* en */ = {isa = PBXFileReference; lastKnownFileType = text.plist.strings; name = en; path = en.lproj/InfoPlist.strings; sourceTree = "<group>"; };
		52C1578B196E77EE004A4B4F /* Github_testTests.m */ = {isa = PBXFileReference; lastKnownFileType = sourcecode.c.objc; path = Github_testTests.m; sourceTree = "<group>"; };
		52C15795196E7EB2004A4B4F /* CCTest.h */ = {isa = PBXFileReference; fileEncoding = 4; lastKnownFileType = sourcecode.c.h; path = CCTest.h; sourceTree = "<group>"; };
		52C15796196E7EB2004A4B4F /* CCTest.m */ = {isa = PBXFileReference; fileEncoding = 4; lastKnownFileType = sourcecode.c.objc; path = CCTest.m; sourceTree = "<group>"; };
/* End PBXFileReference section */

/* Begin PBXFrameworksBuildPhase section */
		52C1575A196E77EE004A4B4F /* Frameworks */ = {
			isa = PBXFrameworksBuildPhase;
			buildActionMask = 2147483647;
			files = (
				52C15763196E77EE004A4B4F /* CoreGraphics.framework in Frameworks */,
				52C15765196E77EE004A4B4F /* UIKit.framework in Frameworks */,
				52C15761196E77EE004A4B4F /* Foundation.framework in Frameworks */,
			);
			runOnlyForDeploymentPostprocessing = 0;
		};
		52C1577B196E77EE004A4B4F /* Frameworks */ = {
			isa = PBXFrameworksBuildPhase;
			buildActionMask = 2147483647;
			files = (
				52C15780196E77EE004A4B4F /* XCTest.framework in Frameworks */,
				52C15782196E77EE004A4B4F /* UIKit.framework in Frameworks */,
				52C15781196E77EE004A4B4F /* Foundation.framework in Frameworks */,
			);
			runOnlyForDeploymentPostprocessing = 0;
		};
/* End PBXFrameworksBuildPhase section */

/* Begin PBXGroup section */
		52C15754196E77EE004A4B4F = {
			isa = PBXGroup;
			children = (
				52C15766196E77EE004A4B4F /* Github test */,
				52C15785196E77EE004A4B4F /* Github testTests */,
				52C1575F196E77EE004A4B4F /* Frameworks */,
				52C1575E196E77EE004A4B4F /* Products */,
			);
			sourceTree = "<group>";
		};
		52C1575E196E77EE004A4B4F /* Products */ = {
			isa = PBXGroup;
			children = (
				52C1575D196E77EE004A4B4F /* Github test.app */,
				52C1577E196E77EE004A4B4F /* Github testTests.xctest */,
			);
			name = Products;
			sourceTree = "<group>";
		};
		52C1575F196E77EE004A4B4F /* Frameworks */ = {
			isa = PBXGroup;
			children = (
				52C15760196E77EE004A4B4F /* Foundation.framework */,
				52C15762196E77EE004A4B4F /* CoreGraphics.framework */,
				52C15764196E77EE004A4B4F /* UIKit.framework */,
				52C1577F196E77EE004A4B4F /* XCTest.framework */,
			);
			name = Frameworks;
			sourceTree = "<group>";
		};
		52C15766196E77EE004A4B4F /* Github test */ = {
			isa = PBXGroup;
			children = (
				52C1576F196E77EE004A4B4F /* CCAppDelegate.h */,
				52C15770196E77EE004A4B4F /* CCAppDelegate.m */,
				52C15772196E77EE004A4B4F /* Main.storyboard */,
				52C15775196E77EE004A4B4F /* CCViewController.h */,
				52C15776196E77EE004A4B4F /* CCViewController.m */,
				52C15795196E7EB2004A4B4F /* CCTest.h */,
				52C15796196E7EB2004A4B4F /* CCTest.m */,
				52C15778196E77EE004A4B4F /* Images.xcassets */,
				52C15767196E77EE004A4B4F /* Supporting Files */,
			);
			path = "Github test";
			sourceTree = "<group>";
		};
		52C15767196E77EE004A4B4F /* Supporting Files */ = {
			isa = PBXGroup;
			children = (
				52C15768196E77EE004A4B4F /* Github test-Info.plist */,
				52C15769196E77EE004A4B4F /* InfoPlist.strings */,
				52C1576C196E77EE004A4B4F /* main.m */,
				52C1576E196E77EE004A4B4F /* Github test-Prefix.pch */,
			);
			name = "Supporting Files";
			sourceTree = "<group>";
		};
		52C15785196E77EE004A4B4F /* Github testTests */ = {
			isa = PBXGroup;
			children = (
				52C1578B196E77EE004A4B4F /* Github_testTests.m */,
				52C15786196E77EE004A4B4F /* Supporting Files */,
			);
			path = "Github testTests";
			sourceTree = "<group>";
		};
		52C15786196E77EE004A4B4F /* Supporting Files */ = {
			isa = PBXGroup;
			children = (
				52C15787196E77EE004A4B4F /* Github testTests-Info.plist */,
				52C15788196E77EE004A4B4F /* InfoPlist.strings */,
			);
			name = "Supporting Files";
			sourceTree = "<group>";
		};
/* End PBXGroup section */

/* Begin PBXNativeTarget section */
		52C1575C196E77EE004A4B4F /* Github test */ = {
			isa = PBXNativeTarget;
			buildConfigurationList = 52C1578F196E77EE004A4B4F /* Build configuration list for PBXNativeTarget "Github test" */;
			buildPhases = (
				52C15759196E77EE004A4B4F /* Sources */,
				52C1575A196E77EE004A4B4F /* Frameworks */,
				52C1575B196E77EE004A4B4F /* Resources */,
			);
			buildRules = (
			);
			dependencies = (
			);
			name = "Github test";
			productName = "Github test";
			productReference = 52C1575D196E77EE004A4B4F /* Github test.app */;
			productType = "com.apple.product-type.application";
		};
		52C1577D196E77EE004A4B4F /* Github testTests */ = {
			isa = PBXNativeTarget;
			buildConfigurationList = 52C15792196E77EE004A4B4F /* Build configuration list for PBXNativeTarget "Github testTests" */;
			buildPhases = (
				52C1577A196E77EE004A4B4F /* Sources */,
				52C1577B196E77EE004A4B4F /* Frameworks */,
				52C1577C196E77EE004A4B4F /* Resources */,
			);
			buildRules = (
			);
			dependencies = (
				52C15784196E77EE004A4B4F /* PBXTargetDependency */,
			);
			name = "Github testTests";
			productName = "Github testTests";
			productReference = 52C1577E196E77EE004A4B4F /* Github testTests.xctest */;
			productType = "com.apple.product-type.bundle.unit-test";
		};
/* End PBXNativeTarget section */

/* Begin PBXProject section */
		52C15755196E77EE004A4B4F /* Project object */ = {
			isa = PBXProject;
			attributes = {
				CLASSPREFIX = CC;
				LastUpgradeCheck = 0510;
				ORGANIZATIONNAME = Andy;
				TargetAttributes = {
					52C1577D196E77EE004A4B4F = {
						TestTargetID = 52C1575C196E77EE004A4B4F;
					};
				};
			};
			buildConfigurationList = 52C15758196E77EE004A4B4F /* Build configuration list for PBXProject "Github test" */;
			compatibilityVersion = "Xcode 3.2";
			developmentRegion = English;
			hasScannedForEncodings = 0;
			knownRegions = (
				en,
				Base,
			);
			mainGroup = 52C15754196E77EE004A4B4F;
			productRefGroup = 52C1575E196E77EE004A4B4F /* Products */;
			projectDirPath = "";
			projectRoot = "";
			targets = (
				52C1575C196E77EE004A4B4F /* Github test */,
				52C1577D196E77EE004A4B4F /* Github testTests */,
			);
		};
/* End PBXProject section */

/* Begin PBXResourcesBuildPhase section */
		52C1575B196E77EE004A4B4F /* Resources */ = {
			isa = PBXResourcesBuildPhase;
			buildActionMask = 2147483647;
			files = (
				52C15779196E77EE004A4B4F /* Images.xcassets in Resources */,
				52C1576B196E77EE004A4B4F /* InfoPlist.strings in Resources */,
				52C15774196E77EE004A4B4F /* Main.storyboard in Resources */,
			);
			runOnlyForDeploymentPostprocessing = 0;
		};
		52C1577C196E77EE004A4B4F /* Resources */ = {
			isa = PBXResourcesBuildPhase;
			buildActionMask = 2147483647;
			files = (
				52C1578A196E77EE004A4B4F /* InfoPlist.strings in Resources */,
			);
			runOnlyForDeploymentPostprocessing = 0;
		};
/* End PBXResourcesBuildPhase section */

/* Begin PBXSourcesBuildPhase section */
		52C15759196E77EE004A4B4F /* Sources */ = {
			isa = PBXSourcesBuildPhase;
			buildActionMask = 2147483647;
			files = (
				52C15771196E77EE004A4B4F /* CCAppDelegate.m in Sources */,
				52C15797196E7EB2004A4B4F /* CCTest.m in Sources */,
				52C1576D196E77EE004A4B4F /* main.m in Sources */,
				52C15777196E77EE004A4B4F /* CCViewController.m in Sources */,
			);
			runOnlyForDeploymentPostprocessing = 0;
		};
		52C1577A196E77EE004A4B4F /* Sources */ = {
			isa = PBXSourcesBuildPhase;
			buildActionMask = 2147483647;
			files = (
				52C1578C196E77EE004A4B4F /* Github_testTests.m in Sources */,
			);
			runOnlyForDeploymentPostprocessing = 0;
		};
/* End PBXSourcesBuildPhase section */

/* Begin PBXTargetDependency section */
		52C15784196E77EE004A4B4F /* PBXTargetDependency */ = {
			isa = PBXTargetDependency;
			target = 52C1575C196E77EE004A4B4F /* Github test */;
			targetProxy = 52C15783196E77EE004A4B4F /* PBXContainerItemProxy */;
		};
/* End PBXTargetDependency section */

/* Begin PBXVariantGroup section */
		52C15769196E77EE004A4B4F /* InfoPlist.strings */ = {
			isa = PBXVariantGroup;
			children = (
				52C1576A196E77EE004A4B4F /* en */,
			);
			name = InfoPlist.strings;
			sourceTree = "<group>";
		};
		52C15772196E77EE004A4B4F /* Main.storyboard */ = {
			isa = PBXVariantGroup;
			children = (
				52C15773196E77EE004A4B4F /* Base */,
			);
			name = Main.storyboard;
			sourceTree = "<group>";
		};
		52C15788196E77EE004A4B4F /* InfoPlist.strings */ = {
			isa = PBXVariantGroup;
			children = (
				52C15789196E77EE004A4B4F /* en */,
			);
			name = InfoPlist.strings;
			sourceTree = "<group>";
		};
/* End PBXVariantGroup section */

/* Begin XCBuildConfiguration section */
		52C1578D196E77EE004A4B4F /* Debug */ = {
			isa = XCBuildConfiguration;
			buildSettings = {
				ALWAYS_SEARCH_USER_PATHS = NO;
				CLANG_CXX_LANGUAGE_STANDARD = "gnu++0x";
				CLANG_CXX_LIBRARY = "libc++";
				CLANG_ENABLE_MODULES = YES;
				CLANG_ENABLE_OBJC_ARC = YES;
				CLANG_WARN_BOOL_CONVERSION = YES;
				CLANG_WARN_CONSTANT_CONVERSION = YES;
				CLANG_WARN_DIRECT_OBJC_ISA_USAGE = YES_ERROR;
				CLANG_WARN_EMPTY_BODY = YES;
				CLANG_WARN_ENUM_CONVERSION = YES;
				CLANG_WARN_INT_CONVERSION = YES;
				CLANG_WARN_OBJC_ROOT_CLASS = YES_ERROR;
				CLANG_WARN__DUPLICATE_METHOD_MATCH = YES;
				"CODE_SIGN_IDENTITY[sdk=iphoneos*]" = "iPhone Developer";
				COPY_PHASE_STRIP = NO;
				GCC_C_LANGUAGE_STANDARD = gnu99;
				GCC_DYNAMIC_NO_PIC = NO;
				GCC_OPTIMIZATION_LEVEL = 0;
				GCC_PREPROCESSOR_DEFINITIONS = (
					"DEBUG=1",
					"$(inherited)",
				);
				GCC_SYMBOLS_PRIVATE_EXTERN = NO;
				GCC_WARN_64_TO_32_BIT_CONVERSION = YES;
				GCC_WARN_ABOUT_RETURN_TYPE = YES_ERROR;
				GCC_WARN_UNDECLARED_SELECTOR = YES;
				GCC_WARN_UNINITIALIZED_AUTOS = YES_AGGRESSIVE;
				GCC_WARN_UNUSED_FUNCTION = YES;
				GCC_WARN_UNUSED_VARIABLE = YES;
				IPHONEOS_DEPLOYMENT_TARGET = 7.1;
				ONLY_ACTIVE_ARCH = YES;
				SDKROOT = iphoneos;
			};
			name = Debug;
		};
		52C1578E196E77EE004A4B4F /* Release */ = {
			isa = XCBuildConfiguration;
			buildSettings = {
				ALWAYS_SEARCH_USER_PATHS = NO;
				CLANG_CXX_LANGUAGE_STANDARD = "gnu++0x";
				CLANG_CXX_LIBRARY = "libc++";
				CLANG_ENABLE_MODULES = YES;
				CLANG_ENABLE_OBJC_ARC = YES;
				CLANG_WARN_BOOL_CONVERSION = YES;
				CLANG_WARN_CONSTANT_CONVERSION = YES;
				CLANG_WARN_DIRECT_OBJC_ISA_USAGE = YES_ERROR;
				CLANG_WARN_EMPTY_BODY = YES;
				CLANG_WARN_ENUM_CONVERSION = YES;
				CLANG_WARN_INT_CONVERSION = YES;
				CLANG_WARN_OBJC_ROOT_CLASS = YES_ERROR;
				CLANG_WARN__DUPLICATE_METHOD_MATCH = YES;
				"CODE_SIGN_IDENTITY[sdk=iphoneos*]" = "iPhone Developer";
				COPY_PHASE_STRIP = YES;
				ENABLE_NS_ASSERTIONS = NO;
				GCC_C_LANGUAGE_STANDARD = gnu99;
				GCC_WARN_64_TO_32_BIT_CONVERSION = YES;
				GCC_WARN_ABOUT_RETURN_TYPE = YES_ERROR;
				GCC_WARN_UNDECLARED_SELECTOR = YES;
				GCC_WARN_UNINITIALIZED_AUTOS = YES_AGGRESSIVE;
				GCC_WARN_UNUSED_FUNCTION = YES;
				GCC_WARN_UNUSED_VARIABLE = YES;
				IPHONEOS_DEPLOYMENT_TARGET = 7.1;
				SDKROOT = iphoneos;
				VALIDATE_PRODUCT = YES;
			};
			name = Release;
		};
		52C15790196E77EE004A4B4F /* Debug */ = {
			isa = XCBuildConfiguration;
			buildSettings = {
				ASSETCATALOG_COMPILER_APPICON_NAME = AppIcon;
				ASSETCATALOG_COMPILER_LAUNCHIMAGE_NAME = LaunchImage;
				GCC_PRECOMPILE_PREFIX_HEADER = YES;
				GCC_PREFIX_HEADER = "Github test/Github test-Prefix.pch";
				INFOPLIST_FILE = "Github test/Github test-Info.plist";
				PRODUCT_NAME = "$(TARGET_NAME)";
				WRAPPER_EXTENSION = app;
			};
			name = Debug;
		};
		52C15791196E77EE004A4B4F /* Release */ = {
			isa = XCBuildConfiguration;
			buildSettings = {
				ASSETCATALOG_COMPILER_APPICON_NAME = AppIcon;
				ASSETCATALOG_COMPILER_LAUNCHIMAGE_NAME = LaunchImage;
				GCC_PRECOMPILE_PREFIX_HEADER = YES;
				GCC_PREFIX_HEADER = "Github test/Github test-Prefix.pch";
				INFOPLIST_FILE = "Github test/Github test-Info.plist";
				PRODUCT_NAME = "$(TARGET_NAME)";
				WRAPPER_EXTENSION = app;
			};
			name = Release;
		};
		52C15793196E77EE004A4B4F /* Debug */ = {
			isa = XCBuildConfiguration;
			buildSettings = {
				BUNDLE_LOADER = "$(BUILT_PRODUCTS_DIR)/Github test.app/Github test";
				FRAMEWORK_SEARCH_PATHS = (
					"$(SDKROOT)/Developer/Library/Frameworks",
					"$(inherited)",
					"$(DEVELOPER_FRAMEWORKS_DIR)",
				);
				GCC_PRECOMPILE_PREFIX_HEADER = YES;
				GCC_PREFIX_HEADER = "Github test/Github test-Prefix.pch";
				GCC_PREPROCESSOR_DEFINITIONS = (
					"DEBUG=1",
					"$(inherited)",
				);
				INFOPLIST_FILE = "Github testTests/Github testTests-Info.plist";
				PRODUCT_NAME = "$(TARGET_NAME)";
				TEST_HOST = "$(BUNDLE_LOADER)";
				WRAPPER_EXTENSION = xctest;
			};
			name = Debug;
		};
		52C15794196E77EE004A4B4F /* Release */ = {
			isa = XCBuildConfiguration;
			buildSettings = {
				BUNDLE_LOADER = "$(BUILT_PRODUCTS_DIR)/Github test.app/Github test";
				FRAMEWORK_SEARCH_PATHS = (
					"$(SDKROOT)/Developer/Library/Frameworks",
					"$(inherited)",
					"$(DEVELOPER_FRAMEWORKS_DIR)",
				);
				GCC_PRECOMPILE_PREFIX_HEADER = YES;
				GCC_PREFIX_HEADER = "Github test/Github test-Prefix.pch";
				INFOPLIST_FILE = "Github testTests/Github testTests-Info.plist";
				PRODUCT_NAME = "$(TARGET_NAME)";
				TEST_HOST = "$(BUNDLE_LOADER)";
				WRAPPER_EXTENSION = xctest;
			};
			name = Release;
		};
/* End XCBuildConfiguration section */

/* Begin XCConfigurationList section */
		52C15758196E77EE004A4B4F /* Build configuration list for PBXProject "Github test" */ = {
			isa = XCConfigurationList;
			buildConfigurations = (
				52C1578D196E77EE004A4B4F /* Debug */,
				52C1578E196E77EE004A4B4F /* Release */,
			);
			defaultConfigurationIsVisible = 0;
			defaultConfigurationName = Release;
		};
		52C1578F196E77EE004A4B4F /* Build configuration list for PBXNativeTarget "Github test" */ = {
			isa = XCConfigurationList;
			buildConfigurations = (
				52C15790196E77EE004A4B4F /* Debug */,
				52C15791196E77EE004A4B4F /* Release */,
			);
			defaultConfigurationIsVisible = 0;
		};
		52C15792196E77EE004A4B4F /* Build configuration list for PBXNativeTarget "Github testTests" */ = {
			isa = XCConfigurationList;
			buildConfigurations = (
				52C15793196E77EE004A4B4F /* Debug */,
				52C15794196E77EE004A4B4F /* Release */,
			);
			defaultConfigurationIsVisible = 0;
		};
/* End XCConfigurationList section */
	};
	rootObject = 52C15755196E77EE004A4B4F /* Project object */;
}
